{
  "name": "sapphire-bun",
  "lockfileVersion": 3,
  "requires": true,
  "packages": {
    "": {
      "license": "MIT",
      "dependencies": {
        "@prisma/client": "^5.7.1",
        "@supabase/supabase-js": "^2.39.1",
        "elysia": "^0.8.5",
        "plaid": "^18.2.0",
        "prisma": "^5.7.1"
      },
      "devDependencies": {
        "@types/bun": "latest"
      }
    },
    "node_modules/@prisma/client": {
      "version": "5.7.1",
      "resolved": "https://registry.npmjs.org/@prisma/client/-/client-5.7.1.tgz",
      "integrity": "sha512-TUSa4nUcC4nf/e7X3jyO1pEd6XcI/TLRCA0KjkA46RDIpxUaRsBYEOqITwXRW2c0bMFyKcCRXrH4f7h4q9oOlg==",
      "hasInstallScript": true,
      "engines": {
        "node": ">=16.13"
      },
      "peerDependencies": {
        "prisma": "*"
      },
      "peerDependenciesMeta": {
        "prisma": {
          "optional": true
        }
      }
    },
    "node_modules/@prisma/debug": {
      "version": "5.7.1",
      "license": "Apache-2.0"
    },
    "node_modules/@prisma/engines": {
      "version": "5.7.1",
      "hasInstallScript": true,
      "license": "Apache-2.0",
      "dependencies": {
        "@prisma/debug": "5.7.1",
        "@prisma/engines-version": "5.7.1-1.0ca5ccbcfa6bdc81c003cf549abe4269f59c41e5",
        "@prisma/fetch-engine": "5.7.1",
        "@prisma/get-platform": "5.7.1"
      }
    },
    "node_modules/@prisma/engines-version": {
      "version": "5.7.1-1.0ca5ccbcfa6bdc81c003cf549abe4269f59c41e5",
      "license": "Apache-2.0"
    },
    "node_modules/@prisma/fetch-engine": {
      "version": "5.7.1",
      "license": "Apache-2.0",
      "dependencies": {
        "@prisma/debug": "5.7.1",
        "@prisma/engines-version": "5.7.1-1.0ca5ccbcfa6bdc81c003cf549abe4269f59c41e5",
        "@prisma/get-platform": "5.7.1"
      }
    },
    "node_modules/@prisma/get-platform": {
      "version": "5.7.1",
      "license": "Apache-2.0",
      "dependencies": {
        "@prisma/debug": "5.7.1"
      }
    },
    "node_modules/@sinclair/typebox": {
      "version": "0.32.3",
      "license": "MIT"
    },
    "node_modules/@supabase/functions-js": {
      "version": "2.1.5",
      "license": "MIT",
      "dependencies": {
        "@supabase/node-fetch": "^2.6.14"
      }
    },
    "node_modules/@supabase/gotrue-js": {
      "version": "2.62.0",
      "license": "MIT",
      "dependencies": {
        "@supabase/node-fetch": "^2.6.14"
      }
    },
    "node_modules/@supabase/node-fetch": {
      "version": "2.6.15",
      "license": "MIT",
      "dependencies": {
        "whatwg-url": "^5.0.0"
      },
      "engines": {
        "node": "4.x || >=6.0.0"
      }
    },
    "node_modules/@supabase/postgrest-js": {
      "version": "1.9.1",
      "license": "MIT",
      "dependencies": {
        "@supabase/node-fetch": "^2.6.14"
      }
    },
    "node_modules/@supabase/realtime-js": {
      "version": "2.9.1",
      "license": "MIT",
      "dependencies": {
        "@supabase/node-fetch": "^2.6.14",
        "@types/phoenix": "^1.5.4",
        "ws": "^8.14.2"
      }
    },
    "node_modules/@supabase/storage-js": {
      "version": "2.5.5",
      "license": "MIT",
      "dependencies": {
        "@supabase/node-fetch": "^2.6.14"
      }
    },
    "node_modules/@supabase/supabase-js": {
      "version": "2.39.2",
      "license": "MIT",
      "dependencies": {
        "@supabase/functions-js": "^2.1.5",
        "@supabase/gotrue-js": "^2.60.0",
        "@supabase/node-fetch": "^2.6.14",
        "@supabase/postgrest-js": "^1.9.0",
        "@supabase/realtime-js": "^2.8.4",
        "@supabase/storage-js": "^2.5.4"
      }
    },
    "node_modules/@types/bun": {
      "version": "1.0.0",
      "resolved": "https://registry.npmjs.org/@types/bun/-/bun-1.0.0.tgz",
      "integrity": "sha512-TPI/aImv/fSo0SWlt29wq0tWRqQOWsC4FOXYeUK0Ni6tAS+FqJZ2p7QCGY4hmHaHQeE2KhKJ6Qn9k3kvFfXD3Q==",
      "dev": true,
      "dependencies": {
        "bun-types": "1.0.18"
      }
    },
    "node_modules/@types/phoenix": {
      "version": "1.6.4",
      "license": "MIT"
    },
    "node_modules/asynckit": {
      "version": "0.4.0",
      "license": "MIT"
    },
    "node_modules/axios": {
      "version": "1.6.3",
      "license": "MIT",
      "dependencies": {
        "follow-redirects": "^1.15.0",
        "form-data": "^4.0.0",
        "proxy-from-env": "^1.1.0"
      }
    },
    "node_modules/bun-types": {
      "version": "1.0.18",
      "dev": true,
      "license": "MIT"
    },
    "node_modules/combined-stream": {
      "version": "1.0.8",
      "license": "MIT",
      "dependencies": {
        "delayed-stream": "~1.0.0"
      },
      "engines": {
        "node": ">= 0.8"
      }
    },
    "node_modules/cookie": {
      "version": "0.6.0",
      "license": "MIT",
      "engines": {
        "node": ">= 0.6"
      }
    },
    "node_modules/delayed-stream": {
      "version": "1.0.0",
      "license": "MIT",
      "engines": {
        "node": ">=0.4.0"
      }
    },
    "node_modules/elysia": {
      "version": "0.8.5",
      "license": "MIT",
      "dependencies": {
        "@sinclair/typebox": "^0.32.0",
        "cookie": "^0.6.0",
        "eventemitter3": "^5.0.1",
        "fast-decode-uri-component": "^1.0.1",
        "fast-querystring": "^1.1.2",
        "memoirist": "0.1.4",
        "openapi-types": "^12.1.3"
      },
      "peerDependencies": {
        "@sinclair/typebox": ">= 0.31.0",
        "openapi-types": ">= 12.0.0",
        "typescript": ">= 5.0.0"
      },
      "peerDependenciesMeta": {
        "@sinclair/typebox": {
          "optional": true
        },
        "openapi-types": {
          "optional": true
        },
        "typescript": {
          "optional": true
        }
      }
    },
    "node_modules/eventemitter3": {
      "version": "5.0.1",
      "license": "MIT"
    },
    "node_modules/fast-decode-uri-component": {
      "version": "1.0.1",
      "license": "MIT"
    },
    "node_modules/fast-querystring": {
      "version": "1.1.2",
      "license": "MIT",
      "dependencies": {
        "fast-decode-uri-component": "^1.0.1"
      }
    },
    "node_modules/follow-redirects": {
      "version": "1.15.3",
      "funding": [
        {
          "type": "individual",
          "url": "https://github.com/sponsors/RubenVerborgh"
        }
      ],
      "license": "MIT",
      "engines": {
        "node": ">=4.0"
      },
      "peerDependenciesMeta": {
        "debug": {
          "optional": true
        }
      }
    },
    "node_modules/form-data": {
      "version": "4.0.0",
      "license": "MIT",
      "dependencies": {
        "asynckit": "^0.4.0",
        "combined-stream": "^1.0.8",
        "mime-types": "^2.1.12"
      },
      "engines": {
        "node": ">= 6"
      }
    },
    "node_modules/memoirist": {
      "version": "0.1.4",
      "license": "MIT"
    },
    "node_modules/mime-db": {
      "version": "1.52.0",
      "license": "MIT",
      "engines": {
        "node": ">= 0.6"
      }
    },
    "node_modules/mime-types": {
      "version": "2.1.35",
      "license": "MIT",
      "dependencies": {
        "mime-db": "1.52.0"
      },
      "engines": {
        "node": ">= 0.6"
      }
    },
    "node_modules/openapi-types": {
      "version": "12.1.3",
      "license": "MIT"
    },
    "node_modules/plaid": {
      "version": "18.2.0",
      "license": "MIT",
      "dependencies": {
        "axios": "^1.6.2"
      },
      "engines": {
        "node": ">=10.0.0"
      }
    },
    "node_modules/prisma": {
      "version": "5.7.1",
      "resolved": "https://registry.npmjs.org/prisma/-/prisma-5.7.1.tgz",
      "integrity": "sha512-ekho7ziH0WEJvC4AxuJz+ewRTMskrebPcrKuBwcNzVDniYxx+dXOGcorNeIb9VEMO5vrKzwNYvhD271Ui2jnNw==",
      "hasInstallScript": true,
      "dependencies": {
        "@prisma/engines": "5.7.1"
      },
      "bin": {
        "prisma": "build/index.js"
      },
      "engines": {
        "node": ">=16.13"
      }
    },
    "node_modules/proxy-from-env": {
      "version": "1.1.0",
      "license": "MIT"
    },
    "node_modules/tr46": {
      "version": "0.0.3",
      "license": "MIT"
    },
    "node_modules/webidl-conversions": {
      "version": "3.0.1",
      "license": "BSD-2-Clause"
    },
    "node_modules/whatwg-url": {
      "version": "5.0.0",
      "license": "MIT",
      "dependencies": {
        "tr46": "~0.0.3",
        "webidl-conversions": "^3.0.0"
      }
    },
    "node_modules/ws": {
      "version": "8.16.0",
      "license": "MIT",
      "engines": {
        "node": ">=10.0.0"
      },
      "peerDependencies": {
        "bufferutil": "^4.0.1",
        "utf-8-validate": ">=5.0.2"
      },
      "peerDependenciesMeta": {
        "bufferutil": {
          "optional": true
        },
        "utf-8-validate": {
          "optional": true
        }
      }
    }
  }
}
